// !$*UTF8*$!
{
	archiveVersion = 1;
	classes = {
	};
	objectVersion = 56;
	objects = {

/* Begin PBXBuildFile section */
		898993F729EC6718000C20AF /* Settings.bundle in Resources */ = {isa = PBXBuildFile; fileRef = 898993F629EC6718000C20AF /* Settings.bundle */; };
		89988F3129F55D3600478CC1 /* IOKit.framework in Frameworks */ = {isa = PBXBuildFile; fileRef = 89988F2E29F559F100478CC1 /* IOKit.framework */; };
		89BECF5D29EDA7D100450C4B /* USBDriverKit.framework in Frameworks */ = {isa = PBXBuildFile; fileRef = 89BECF5C29EDA7D100450C4B /* USBDriverKit.framework */; };
		89F642FC29EC5C23001A8C56 /* DriverKit.framework in Frameworks */ = {isa = PBXBuildFile; fileRef = 89F642FB29EC5C23001A8C56 /* DriverKit.framework */; };
		89F642FF29EC5C23001A8C56 /* MyFirstDriver.cpp in Sources */ = {isa = PBXBuildFile; fileRef = 89F642FE29EC5C23001A8C56 /* MyFirstDriver.cpp */; };
		89F6430129EC5C23001A8C56 /* MyFirstDriver.iig in Sources */ = {isa = PBXBuildFile; fileRef = 89F6430029EC5C23001A8C56 /* MyFirstDriver.iig */; };
		89F6431029EC5D63001A8C56 /* MyFirstDriverApp.swift in Sources */ = {isa = PBXBuildFile; fileRef = 89F6430F29EC5D63001A8C56 /* MyFirstDriverApp.swift */; };
		89F6431229EC5D63001A8C56 /* ContentView.swift in Sources */ = {isa = PBXBuildFile; fileRef = 89F6431129EC5D63001A8C56 /* ContentView.swift */; };
		89F6431429EC5D64001A8C56 /* Assets.xcassets in Resources */ = {isa = PBXBuildFile; fileRef = 89F6431329EC5D64001A8C56 /* Assets.xcassets */; };
		89F6431729EC5D64001A8C56 /* Preview Assets.xcassets in Resources */ = {isa = PBXBuildFile; fileRef = 89F6431629EC5D64001A8C56 /* Preview Assets.xcassets */; };
		89F6432129EC5F87001A8C56 /* xyz.kebo.MaskromDetector.Driver.dext in Embed System Extensions */ = {isa = PBXBuildFile; fileRef = 89F642F829EC5C23001A8C56 /* xyz.kebo.MaskromDetector.Driver.dext */; settings = {ATTRIBUTES = (RemoveHeadersOnCopy, ); }; };
/* End PBXBuildFile section */

/* Begin PBXContainerItemProxy section */
		89F6432229EC5F87001A8C56 /* PBXContainerItemProxy */ = {
			isa = PBXContainerItemProxy;
			containerPortal = 89F642EF29EC5C23001A8C56 /* Project object */;
			proxyType = 1;
			remoteGlobalIDString = 89F642F729EC5C23001A8C56;
			remoteInfo = MyFirstDriver;
		};
/* End PBXContainerItemProxy section */

/* Begin PBXCopyFilesBuildPhase section */
		89F6432429EC5F87001A8C56 /* Embed System Extensions */ = {
			isa = PBXCopyFilesBuildPhase;
			buildActionMask = 2147483647;
			dstPath = "$(SYSTEM_EXTENSIONS_FOLDER_PATH)";
			dstSubfolderSpec = 16;
			files = (
				89F6432129EC5F87001A8C56 /* xyz.kebo.MaskromDetector.Driver.dext in Embed System Extensions */,
			);
			name = "Embed System Extensions";
			runOnlyForDeploymentPostprocessing = 0;
		};
/* End PBXCopyFilesBuildPhase section */

/* Begin PBXFileReference section */
		8913C13B29FAF09700C0D391 /* README.md */ = {isa = PBXFileReference; lastKnownFileType = net.daringfireball.markdown; path = README.md; sourceTree = "<group>"; };
		898993F629EC6718000C20AF /* Settings.bundle */ = {isa = PBXFileReference; lastKnownFileType = "wrapper.plug-in"; path = Settings.bundle; sourceTree = "<group>"; };
		89988F2E29F559F100478CC1 /* IOKit.framework */ = {isa = PBXFileReference; lastKnownFileType = wrapper.framework; name = IOKit.framework; path = Platforms/iPhoneOS.platform/Developer/SDKs/iPhoneOS16.4.sdk/System/Library/Frameworks/IOKit.framework; sourceTree = DEVELOPER_DIR; };
		89988F3029F55BB300478CC1 /* Bridging-Header.h */ = {isa = PBXFileReference; lastKnownFileType = sourcecode.c.h; path = "Bridging-Header.h"; sourceTree = "<group>"; };
		89BECF5C29EDA7D100450C4B /* USBDriverKit.framework */ = {isa = PBXFileReference; lastKnownFileType = wrapper.framework; name = USBDriverKit.framework; path = Library/Frameworks/USBDriverKit.framework; sourceTree = DEVELOPER_DIR; };
		89F642F829EC5C23001A8C56 /* xyz.kebo.MaskromDetector.Driver.dext */ = {isa = PBXFileReference; explicitFileType = "wrapper.driver-extension"; includeInIndex = 0; path = xyz.kebo.MaskromDetector.Driver.dext; sourceTree = BUILT_PRODUCTS_DIR; };
		89F642FB29EC5C23001A8C56 /* DriverKit.framework */ = {isa = PBXFileReference; lastKnownFileType = wrapper.framework; name = DriverKit.framework; path = Library/Frameworks/DriverKit.framework; sourceTree = DEVELOPER_DIR; };
		89F642FE29EC5C23001A8C56 /* MyFirstDriver.cpp */ = {isa = PBXFileReference; lastKnownFileType = sourcecode.cpp.cpp; path = MyFirstDriver.cpp; sourceTree = "<group>"; };
		89F6430029EC5C23001A8C56 /* MyFirstDriver.iig */ = {isa = PBXFileReference; lastKnownFileType = sourcecode.iig; path = MyFirstDriver.iig; sourceTree = "<group>"; };
		89F6430229EC5C23001A8C56 /* Info.plist */ = {isa = PBXFileReference; lastKnownFileType = text.plist.xml; path = Info.plist; sourceTree = "<group>"; };
		89F6430829EC5C67001A8C56 /* MyFirstDriver.entitlements */ = {isa = PBXFileReference; lastKnownFileType = text.plist.entitlements; path = MyFirstDriver.entitlements; sourceTree = "<group>"; };
		89F6430D29EC5D63001A8C56 /* MaskromDetector.app */ = {isa = PBXFileReference; explicitFileType = wrapper.application; includeInIndex = 0; path = MaskromDetector.app; sourceTree = BUILT_PRODUCTS_DIR; };
		89F6430F29EC5D63001A8C56 /* MyFirstDriverApp.swift */ = {isa = PBXFileReference; lastKnownFileType = sourcecode.swift; path = MyFirstDriverApp.swift; sourceTree = "<group>"; };
		89F6431129EC5D63001A8C56 /* ContentView.swift */ = {isa = PBXFileReference; lastKnownFileType = sourcecode.swift; path = ContentView.swift; sourceTree = "<group>"; };
		89F6431329EC5D64001A8C56 /* Assets.xcassets */ = {isa = PBXFileReference; lastKnownFileType = folder.assetcatalog; path = Assets.xcassets; sourceTree = "<group>"; };
		89F6431629EC5D64001A8C56 /* Preview Assets.xcassets */ = {isa = PBXFileReference; lastKnownFileType = folder.assetcatalog; path = "Preview Assets.xcassets"; sourceTree = "<group>"; };
		89F6431B29EC5E0B001A8C56 /* Info.plist */ = {isa = PBXFileReference; lastKnownFileType = text.plist; path = Info.plist; sourceTree = "<group>"; };
		89F6431C29EC5E32001A8C56 /* MyFirstDriverApp.entitlements */ = {isa = PBXFileReference; lastKnownFileType = text.plist.entitlements; path = MyFirstDriverApp.entitlements; sourceTree = "<group>"; };
/* End PBXFileReference section */

/* Begin PBXFrameworksBuildPhase section */
		89F642F529EC5C23001A8C56 /* Frameworks */ = {
			isa = PBXFrameworksBuildPhase;
			buildActionMask = 2147483647;
			files = (
				89BECF5D29EDA7D100450C4B /* USBDriverKit.framework in Frameworks */,
				89F642FC29EC5C23001A8C56 /* DriverKit.framework in Frameworks */,
			);
			runOnlyForDeploymentPostprocessing = 0;
		};
		89F6430A29EC5D63001A8C56 /* Frameworks */ = {
			isa = PBXFrameworksBuildPhase;
			buildActionMask = 2147483647;
			files = (
				89988F3129F55D3600478CC1 /* IOKit.framework in Frameworks */,
			);
			runOnlyForDeploymentPostprocessing = 0;
		};
/* End PBXFrameworksBuildPhase section */

/* Begin PBXGroup section */
		89F642EE29EC5C23001A8C56 = {
			isa = PBXGroup;
			children = (
				8913C13B29FAF09700C0D391 /* README.md */,
				89F642FD29EC5C23001A8C56 /* MyFirstDriver */,
				89F6430E29EC5D63001A8C56 /* MyFirstDriverApp */,
				89F642FA29EC5C23001A8C56 /* Frameworks */,
				89F642F929EC5C23001A8C56 /* Products */,
			);
			sourceTree = "<group>";
		};
		89F642F929EC5C23001A8C56 /* Products */ = {
			isa = PBXGroup;
			children = (
				89F642F829EC5C23001A8C56 /* xyz.kebo.MaskromDetector.Driver.dext */,
				89F6430D29EC5D63001A8C56 /* MaskromDetector.app */,
			);
			name = Products;
			sourceTree = "<group>";
		};
		89F642FA29EC5C23001A8C56 /* Frameworks */ = {
			isa = PBXGroup;
			children = (
				89988F2E29F559F100478CC1 /* IOKit.framework */,
				89BECF5C29EDA7D100450C4B /* USBDriverKit.framework */,
				89F642FB29EC5C23001A8C56 /* DriverKit.framework */,
			);
			name = Frameworks;
			sourceTree = "<group>";
		};
		89F642FD29EC5C23001A8C56 /* MyFirstDriver */ = {
			isa = PBXGroup;
			children = (
				89F6430829EC5C67001A8C56 /* MyFirstDriver.entitlements */,
				89F642FE29EC5C23001A8C56 /* MyFirstDriver.cpp */,
				89F6430029EC5C23001A8C56 /* MyFirstDriver.iig */,
				89F6430229EC5C23001A8C56 /* Info.plist */,
			);
			path = MyFirstDriver;
			sourceTree = "<group>";
		};
		89F6430E29EC5D63001A8C56 /* MyFirstDriverApp */ = {
			isa = PBXGroup;
			children = (
				89F6431C29EC5E32001A8C56 /* MyFirstDriverApp.entitlements */,
				89F6431B29EC5E0B001A8C56 /* Info.plist */,
				89F6430F29EC5D63001A8C56 /* MyFirstDriverApp.swift */,
				89F6431129EC5D63001A8C56 /* ContentView.swift */,
				89F6431329EC5D64001A8C56 /* Assets.xcassets */,
				89F6431529EC5D64001A8C56 /* Preview Content */,
				898993F629EC6718000C20AF /* Settings.bundle */,
				89988F3029F55BB300478CC1 /* Bridging-Header.h */,
			);
			path = MyFirstDriverApp;
			sourceTree = "<group>";
		};
		89F6431529EC5D64001A8C56 /* Preview Content */ = {
			isa = PBXGroup;
			children = (
				89F6431629EC5D64001A8C56 /* Preview Assets.xcassets */,
			);
			path = "Preview Content";
			sourceTree = "<group>";
		};
/* End PBXGroup section */

/* Begin PBXHeadersBuildPhase section */
		89F642F329EC5C23001A8C56 /* Headers */ = {
			isa = PBXHeadersBuildPhase;
			buildActionMask = 2147483647;
			files = (
			);
			runOnlyForDeploymentPostprocessing = 0;
		};
/* End PBXHeadersBuildPhase section */

/* Begin PBXNativeTarget section */
		89F642F729EC5C23001A8C56 /* MyFirstDriver */ = {
			isa = PBXNativeTarget;
			buildConfigurationList = 89F6430529EC5C23001A8C56 /* Build configuration list for PBXNativeTarget "MyFirstDriver" */;
			buildPhases = (
				89F642F329EC5C23001A8C56 /* Headers */,
				89F642F429EC5C23001A8C56 /* Sources */,
				89F642F529EC5C23001A8C56 /* Frameworks */,
				89F642F629EC5C23001A8C56 /* Resources */,
			);
			buildRules = (
			);
			dependencies = (
			);
			name = MyFirstDriver;
			productName = MyFirstDriver;
			productReference = 89F642F829EC5C23001A8C56 /* xyz.kebo.MaskromDetector.Driver.dext */;
			productType = "com.apple.product-type.driver-extension";
		};
		89F6430C29EC5D63001A8C56 /* MaskromDetector */ = {
			isa = PBXNativeTarget;
			buildConfigurationList = 89F6431A29EC5D64001A8C56 /* Build configuration list for PBXNativeTarget "MaskromDetector" */;
			buildPhases = (
				89F6430929EC5D63001A8C56 /* Sources */,
				89F6430A29EC5D63001A8C56 /* Frameworks */,
				89F6430B29EC5D63001A8C56 /* Resources */,
				89F6432429EC5F87001A8C56 /* Embed System Extensions */,
			);
			buildRules = (
			);
			dependencies = (
				89F6432329EC5F87001A8C56 /* PBXTargetDependency */,
			);
			name = MaskromDetector;
			productName = MyFirstDriverApp;
			productReference = 89F6430D29EC5D63001A8C56 /* MaskromDetector.app */;
			productType = "com.apple.product-type.application";
		};
/* End PBXNativeTarget section */

/* Begin PBXProject section */
		89F642EF29EC5C23001A8C56 /* Project object */ = {
			isa = PBXProject;
			attributes = {
				BuildIndependentTargetsInParallel = 1;
				LastSwiftUpdateCheck = 1430;
				LastUpgradeCheck = 1430;
				TargetAttributes = {
					89F642F729EC5C23001A8C56 = {
						CreatedOnToolsVersion = 14.3;
					};
					89F6430C29EC5D63001A8C56 = {
						CreatedOnToolsVersion = 14.3;
					};
				};
			};
			buildConfigurationList = 89F642F229EC5C23001A8C56 /* Build configuration list for PBXProject "MyFirstDriver" */;
			compatibilityVersion = "Xcode 14.0";
			developmentRegion = en;
			hasScannedForEncodings = 0;
			knownRegions = (
				en,
				Base,
			);
			mainGroup = 89F642EE29EC5C23001A8C56;
			productRefGroup = 89F642F929EC5C23001A8C56 /* Products */;
			projectDirPath = "";
			projectRoot = "";
			targets = (
				89F642F729EC5C23001A8C56 /* MyFirstDriver */,
				89F6430C29EC5D63001A8C56 /* MaskromDetector */,
			);
		};
/* End PBXProject section */

/* Begin PBXResourcesBuildPhase section */
		89F642F629EC5C23001A8C56 /* Resources */ = {
			isa = PBXResourcesBuildPhase;
			buildActionMask = 2147483647;
			files = (
			);
			runOnlyForDeploymentPostprocessing = 0;
		};
		89F6430B29EC5D63001A8C56 /* Resources */ = {
			isa = PBXResourcesBuildPhase;
			buildActionMask = 2147483647;
			files = (
				89F6431729EC5D64001A8C56 /* Preview Assets.xcassets in Resources */,
				898993F729EC6718000C20AF /* Settings.bundle in Resources */,
				89F6431429EC5D64001A8C56 /* Assets.xcassets in Resources */,
			);
			runOnlyForDeploymentPostprocessing = 0;
		};
/* End PBXResourcesBuildPhase section */

/* Begin PBXSourcesBuildPhase section */
		89F642F429EC5C23001A8C56 /* Sources */ = {
			isa = PBXSourcesBuildPhase;
			buildActionMask = 2147483647;
			files = (
				89F6430129EC5C23001A8C56 /* MyFirstDriver.iig in Sources */,
				89F642FF29EC5C23001A8C56 /* MyFirstDriver.cpp in Sources */,
			);
			runOnlyForDeploymentPostprocessing = 0;
		};
		89F6430929EC5D63001A8C56 /* Sources */ = {
			isa = PBXSourcesBuildPhase;
			buildActionMask = 2147483647;
			files = (
				89F6431229EC5D63001A8C56 /* ContentView.swift in Sources */,
				89F6431029EC5D63001A8C56 /* MyFirstDriverApp.swift in Sources */,
			);
			runOnlyForDeploymentPostprocessing = 0;
		};
/* End PBXSourcesBuildPhase section */

/* Begin PBXTargetDependency section */
		89F6432329EC5F87001A8C56 /* PBXTargetDependency */ = {
			isa = PBXTargetDependency;
			target = 89F642F729EC5C23001A8C56 /* MyFirstDriver */;
			targetProxy = 89F6432229EC5F87001A8C56 /* PBXContainerItemProxy */;
		};
/* End PBXTargetDependency section */

/* Begin XCBuildConfiguration section */
		89F6430329EC5C23001A8C56 /* Debug */ = {
			isa = XCBuildConfiguration;
			buildSettings = {
				ALWAYS_SEARCH_USER_PATHS = NO;
				CLANG_ANALYZER_NONNULL = YES;
				CLANG_ANALYZER_NUMBER_OBJECT_CONVERSION = YES_AGGRESSIVE;
				CLANG_CXX_LANGUAGE_STANDARD = "gnu++20";
				CLANG_ENABLE_MODULES = YES;
				CLANG_ENABLE_OBJC_ARC = YES;
				CLANG_ENABLE_OBJC_WEAK = YES;
				CLANG_WARN_BLOCK_CAPTURE_AUTORELEASING = YES;
				CLANG_WARN_BOOL_CONVERSION = YES;
				CLANG_WARN_COMMA = YES;
				CLANG_WARN_CONSTANT_CONVERSION = YES;
				CLANG_WARN_DEPRECATED_OBJC_IMPLEMENTATIONS = YES;
				CLANG_WARN_DIRECT_OBJC_ISA_USAGE = YES_ERROR;
				CLANG_WARN_DOCUMENTATION_COMMENTS = YES;
				CLANG_WARN_EMPTY_BODY = YES;
				CLANG_WARN_ENUM_CONVERSION = YES;
				CLANG_WARN_INFINITE_RECURSION = YES;
				CLANG_WARN_INT_CONVERSION = YES;
				CLANG_WARN_NON_LITERAL_NULL_CONVERSION = YES;
				CLANG_WARN_OBJC_IMPLICIT_RETAIN_SELF = YES;
				CLANG_WARN_OBJC_LITERAL_CONVERSION = YES;
				CLANG_WARN_OBJC_ROOT_CLASS = YES_ERROR;
				CLANG_WARN_QUOTED_INCLUDE_IN_FRAMEWORK_HEADER = YES;
				CLANG_WARN_RANGE_LOOP_ANALYSIS = YES;
				CLANG_WARN_STRICT_PROTOTYPES = YES;
				CLANG_WARN_SUSPICIOUS_MOVE = YES;
				CLANG_WARN_UNGUARDED_AVAILABILITY = YES_AGGRESSIVE;
				CLANG_WARN_UNREACHABLE_CODE = YES;
				CLANG_WARN__DUPLICATE_METHOD_MATCH = YES;
				COPY_PHASE_STRIP = NO;
				DEBUG_INFORMATION_FORMAT = dwarf;
				DRIVERKIT_DEPLOYMENT_TARGET = 22.4;
				ENABLE_STRICT_OBJC_MSGSEND = YES;
				ENABLE_TESTABILITY = YES;
				GCC_C_LANGUAGE_STANDARD = gnu11;
				GCC_DYNAMIC_NO_PIC = NO;
				GCC_NO_COMMON_BLOCKS = YES;
				GCC_OPTIMIZATION_LEVEL = 0;
				GCC_PREPROCESSOR_DEFINITIONS = (
					"DEBUG=1",
					"$(inherited)",
				);
				GCC_WARN_64_TO_32_BIT_CONVERSION = YES;
				GCC_WARN_ABOUT_RETURN_TYPE = YES_ERROR;
				GCC_WARN_UNDECLARED_SELECTOR = YES;
				GCC_WARN_UNINITIALIZED_AUTOS = YES_AGGRESSIVE;
				GCC_WARN_UNUSED_FUNCTION = YES;
				GCC_WARN_UNUSED_VARIABLE = YES;
				MTL_ENABLE_DEBUG_INFO = INCLUDE_SOURCE;
				MTL_FAST_MATH = YES;
				ONLY_ACTIVE_ARCH = YES;
				SDKROOT = driverkit;
			};
			name = Debug;
		};
		89F6430429EC5C23001A8C56 /* Release */ = {
			isa = XCBuildConfiguration;
			buildSettings = {
				ALWAYS_SEARCH_USER_PATHS = NO;
				CLANG_ANALYZER_NONNULL = YES;
				CLANG_ANALYZER_NUMBER_OBJECT_CONVERSION = YES_AGGRESSIVE;
				CLANG_CXX_LANGUAGE_STANDARD = "gnu++20";
				CLANG_ENABLE_MODULES = YES;
				CLANG_ENABLE_OBJC_ARC = YES;
				CLANG_ENABLE_OBJC_WEAK = YES;
				CLANG_WARN_BLOCK_CAPTURE_AUTORELEASING = YES;
				CLANG_WARN_BOOL_CONVERSION = YES;
				CLANG_WARN_COMMA = YES;
				CLANG_WARN_CONSTANT_CONVERSION = YES;
				CLANG_WARN_DEPRECATED_OBJC_IMPLEMENTATIONS = YES;
				CLANG_WARN_DIRECT_OBJC_ISA_USAGE = YES_ERROR;
				CLANG_WARN_DOCUMENTATION_COMMENTS = YES;
				CLANG_WARN_EMPTY_BODY = YES;
				CLANG_WARN_ENUM_CONVERSION = YES;
				CLANG_WARN_INFINITE_RECURSION = YES;
				CLANG_WARN_INT_CONVERSION = YES;
				CLANG_WARN_NON_LITERAL_NULL_CONVERSION = YES;
				CLANG_WARN_OBJC_IMPLICIT_RETAIN_SELF = YES;
				CLANG_WARN_OBJC_LITERAL_CONVERSION = YES;
				CLANG_WARN_OBJC_ROOT_CLASS = YES_ERROR;
				CLANG_WARN_QUOTED_INCLUDE_IN_FRAMEWORK_HEADER = YES;
				CLANG_WARN_RANGE_LOOP_ANALYSIS = YES;
				CLANG_WARN_STRICT_PROTOTYPES = YES;
				CLANG_WARN_SUSPICIOUS_MOVE = YES;
				CLANG_WARN_UNGUARDED_AVAILABILITY = YES_AGGRESSIVE;
				CLANG_WARN_UNREACHABLE_CODE = YES;
				CLANG_WARN__DUPLICATE_METHOD_MATCH = YES;
				COPY_PHASE_STRIP = NO;
				DEBUG_INFORMATION_FORMAT = "dwarf-with-dsym";
				DRIVERKIT_DEPLOYMENT_TARGET = 22.4;
				ENABLE_NS_ASSERTIONS = NO;
				ENABLE_STRICT_OBJC_MSGSEND = YES;
				GCC_C_LANGUAGE_STANDARD = gnu11;
				GCC_NO_COMMON_BLOCKS = YES;
				GCC_WARN_64_TO_32_BIT_CONVERSION = YES;
				GCC_WARN_ABOUT_RETURN_TYPE = YES_ERROR;
				GCC_WARN_UNDECLARED_SELECTOR = YES;
				GCC_WARN_UNINITIALIZED_AUTOS = YES_AGGRESSIVE;
				GCC_WARN_UNUSED_FUNCTION = YES;
				GCC_WARN_UNUSED_VARIABLE = YES;
				MTL_ENABLE_DEBUG_INFO = NO;
				MTL_FAST_MATH = YES;
				SDKROOT = driverkit;
			};
			name = Release;
		};
		89F6430629EC5C23001A8C56 /* Debug */ = {
			isa = XCBuildConfiguration;
			buildSettings = {
				CODE_SIGN_ENTITLEMENTS = MyFirstDriver/MyFirstDriver.entitlements;
				CODE_SIGN_STYLE = Automatic;
				CURRENT_PROJECT_VERSION = 1;
				DEVELOPMENT_TEAM = X4678G5DL2;
				GENERATE_INFOPLIST_FILE = YES;
				INFOPLIST_FILE = MyFirstDriver/Info.plist;
				INFOPLIST_KEY_OSBundleUsageDescription = "";
				MARKETING_VERSION = 1.0;
				PRODUCT_BUNDLE_IDENTIFIER = xyz.kebo.MaskromDetector.Driver;
				PRODUCT_NAME = "$(inherited)";
				RUN_CLANG_STATIC_ANALYZER = YES;
				SKIP_INSTALL = YES;
				SWIFT_EMIT_LOC_STRINGS = YES;
			};
			name = Debug;
		};
		89F6430729EC5C23001A8C56 /* Release */ = {
			isa = XCBuildConfiguration;
			buildSettings = {
				CODE_SIGN_ENTITLEMENTS = MyFirstDriver/MyFirstDriver.entitlements;
				CODE_SIGN_STYLE = Automatic;
				CURRENT_PROJECT_VERSION = 1;
				DEVELOPMENT_TEAM = X4678G5DL2;
				GENERATE_INFOPLIST_FILE = YES;
				INFOPLIST_FILE = MyFirstDriver/Info.plist;
				INFOPLIST_KEY_OSBundleUsageDescription = "";
				MARKETING_VERSION = 1.0;
				PRODUCT_BUNDLE_IDENTIFIER = xyz.kebo.MaskromDetector.Driver;
				PRODUCT_NAME = "$(inherited)";
				RUN_CLANG_STATIC_ANALYZER = YES;
				SKIP_INSTALL = YES;
				SWIFT_EMIT_LOC_STRINGS = YES;
			};
			name = Release;
		};
		89F6431829EC5D64001A8C56 /* Debug */ = {
			isa = XCBuildConfiguration;
			buildSettings = {
				ASSETCATALOG_COMPILER_APPICON_NAME = AppIcon;
				ASSETCATALOG_COMPILER_GLOBAL_ACCENT_COLOR_NAME = AccentColor;
				CODE_SIGN_ENTITLEMENTS = MyFirstDriverApp/MyFirstDriverApp.entitlements;
				CODE_SIGN_STYLE = Automatic;
				CURRENT_PROJECT_VERSION = 1;
				DEVELOPMENT_ASSET_PATHS = "\"MyFirstDriverApp/Preview Content\"";
				DEVELOPMENT_TEAM = X4678G5DL2;
				ENABLE_PREVIEWS = YES;
				GENERATE_INFOPLIST_FILE = YES;
				INFOPLIST_FILE = MyFirstDriverApp/Info.plist;
				INFOPLIST_KEY_UIApplicationSceneManifest_Generation = YES;
				INFOPLIST_KEY_UIApplicationSupportsIndirectInputEvents = YES;
				INFOPLIST_KEY_UILaunchScreen_Generation = YES;
				INFOPLIST_KEY_UIRequiredDeviceCapabilities = driverkit;
				INFOPLIST_KEY_UISupportedInterfaceOrientations_iPad = "UIInterfaceOrientationPortrait UIInterfaceOrientationPortraitUpsideDown UIInterfaceOrientationLandscapeLeft UIInterfaceOrientationLandscapeRight";
				INFOPLIST_KEY_UISupportedInterfaceOrientations_iPhone = "UIInterfaceOrientationPortrait UIInterfaceOrientationLandscapeLeft UIInterfaceOrientationLandscapeRight";
				IPHONEOS_DEPLOYMENT_TARGET = 16.4;
				LD_RUNPATH_SEARCH_PATHS = (
					"$(inherited)",
					"@executable_path/Frameworks",
				);
				MARKETING_VERSION = 1.0;
				PRODUCT_BUNDLE_IDENTIFIER = xyz.kebo.MaskromDetector;
				PRODUCT_NAME = "$(TARGET_NAME)";
				SDKROOT = iphoneos;
				SUPPORTED_PLATFORMS = "iphoneos iphonesimulator";
				SUPPORTS_MACCATALYST = NO;
				SUPPORTS_MAC_DESIGNED_FOR_IPHONE_IPAD = NO;
				SWIFT_ACTIVE_COMPILATION_CONDITIONS = DEBUG;
				SWIFT_EMIT_LOC_STRINGS = YES;
				SWIFT_OBJC_BRIDGING_HEADER = "MyFirstDriverApp/Bridging-Header.h";
				SWIFT_OPTIMIZATION_LEVEL = "-Onone";
				SWIFT_VERSION = 5.0;
				TARGETED_DEVICE_FAMILY = 2;
			};
			name = Debug;
		};
		89F6431929EC5D64001A8C56 /* Release */ = {
			isa = XCBuildConfiguration;
			buildSettings = {
				ASSETCATALOG_COMPILER_APPICON_NAME = AppIcon;
				ASSETCATALOG_COMPILER_GLOBAL_ACCENT_COLOR_NAME = AccentColor;
				CODE_SIGN_ENTITLEMENTS = MyFirstDriverApp/MyFirstDriverApp.entitlements;
				CODE_SIGN_STYLE = Automatic;
				CURRENT_PROJECT_VERSION = 1;
				DEVELOPMENT_ASSET_PATHS = "\"MyFirstDriverApp/Preview Content\"";
				DEVELOPMENT_TEAM = X4678G5DL2;
				ENABLE_PREVIEWS = YES;
				GENERATE_INFOPLIST_FILE = YES;
				INFOPLIST_FILE = MyFirstDriverApp/Info.plist;
				INFOPLIST_KEY_UIApplicationSceneManifest_Generation = YES;
				INFOPLIST_KEY_UIApplicationSupportsIndirectInputEvents = YES;
				INFOPLIST_KEY_UILaunchScreen_Generation = YES;
				INFOPLIST_KEY_UIRequiredDeviceCapabilities = driverkit;
				INFOPLIST_KEY_UISupportedInterfaceOrientations_iPad = "UIInterfaceOrientationPortrait UIInterfaceOrientationPortraitUpsideDown UIInterfaceOrientationLandscapeLeft UIInterfaceOrientationLandscapeRight";
				INFOPLIST_KEY_UISupportedInterfaceOrientations_iPhone = "UIInterfaceOrientationPortrait UIInterfaceOrientationLandscapeLeft UIInterfaceOrientationLandscapeRight";
				IPHONEOS_DEPLOYMENT_TARGET = 16.4;
				LD_RUNPATH_SEARCH_PATHS = (
					"$(inherited)",
					"@executable_path/Frameworks",
				);
				MARKETING_VERSION = 1.0;
				PRODUCT_BUNDLE_IDENTIFIER = xyz.kebo.MaskromDetector;
				PRODUCT_NAME = "$(TARGET_NAME)";
				SDKROOT = iphoneos;
				SUPPORTED_PLATFORMS = "iphoneos iphonesimulator";
				SUPPORTS_MACCATALYST = NO;
				SUPPORTS_MAC_DESIGNED_FOR_IPHONE_IPAD = NO;
				SWIFT_COMPILATION_MODE = wholemodule;
				SWIFT_EMIT_LOC_STRINGS = YES;
				SWIFT_OBJC_BRIDGING_HEADER = "MyFirstDriverApp/Bridging-Header.h";
				SWIFT_OPTIMIZATION_LEVEL = "-O";
				SWIFT_VERSION = 5.0;
				TARGETED_DEVICE_FAMILY = 2;
				VALIDATE_PRODUCT = YES;
			};
			name = Release;
		};
/* End XCBuildConfiguration section */

/* Begin XCConfigurationList section */
		89F642F229EC5C23001A8C56 /* Build configuration list for PBXProject "MyFirstDriver" */ = {
			isa = XCConfigurationList;
			buildConfigurations = (
				89F6430329EC5C23001A8C56 /* Debug */,
				89F6430429EC5C23001A8C56 /* Release */,
			);
			defaultConfigurationIsVisible = 0;
			defaultConfigurationName = Release;
		};
		89F6430529EC5C23001A8C56 /* Build configuration list for PBXNativeTarget "MyFirstDriver" */ = {
			isa = XCConfigurationList;
			buildConfigurations = (
				89F6430629EC5C23001A8C56 /* Debug */,
				89F6430729EC5C23001A8C56 /* Release */,
			);
			defaultConfigurationIsVisible = 0;
			defaultConfigurationName = Release;
		};
		89F6431A29EC5D64001A8C56 /* Build configuration list for PBXNativeTarget "MaskromDetector" */ = {
			isa = XCConfigurationList;
			buildConfigurations = (
				89F6431829EC5D64001A8C56 /* Debug */,
				89F6431929EC5D64001A8C56 /* Release */,
			);
			defaultConfigurationIsVisible = 0;
			defaultConfigurationName = Release;
		};
/* End XCConfigurationList section */
	};
	rootObject = 89F642EF29EC5C23001A8C56 /* Project object */;
}
